// !$*UTF8*$!
{
	archiveVersion = 1;
	classes = {
	};
	objectVersion = 50;
	objects = {

/* Begin PBXBuildFile section */
		ABE6106226E08B1900EE7768 /* AppDelegate.swift in Sources */ = {isa = PBXBuildFile; fileRef = ABE6106126E08B1900EE7768 /* AppDelegate.swift */; };
		ABE6106426E08B1900EE7768 /* SceneDelegate.swift in Sources */ = {isa = PBXBuildFile; fileRef = ABE6106326E08B1900EE7768 /* SceneDelegate.swift */; };
		ABE6106626E08B1900EE7768 /* ViewController.swift in Sources */ = {isa = PBXBuildFile; fileRef = ABE6106526E08B1900EE7768 /* ViewController.swift */; };
		ABE6106926E08B1900EE7768 /* Main.storyboard in Resources */ = {isa = PBXBuildFile; fileRef = ABE6106726E08B1900EE7768 /* Main.storyboard */; };
		ABE6106B26E08B1900EE7768 /* Assets.xcassets in Resources */ = {isa = PBXBuildFile; fileRef = ABE6106A26E08B1900EE7768 /* Assets.xcassets */; };
		ABE6106E26E08B1900EE7768 /* LaunchScreen.storyboard in Resources */ = {isa = PBXBuildFile; fileRef = ABE6106C26E08B1900EE7768 /* LaunchScreen.storyboard */; };
		ABE6107926E08B1A00EE7768 /* EcuacionesLaurieTests.swift in Sources */ = {isa = PBXBuildFile; fileRef = ABE6107826E08B1A00EE7768 /* EcuacionesLaurieTests.swift */; };
		ABE6108426E08B1A00EE7768 /* EcuacionesLaurieUITests.swift in Sources */ = {isa = PBXBuildFile; fileRef = ABE6108326E08B1A00EE7768 /* EcuacionesLaurieUITests.swift */; };
/* End PBXBuildFile section */

/* Begin PBXContainerItemProxy section */
		ABE6107526E08B1A00EE7768 /* PBXContainerItemProxy */ = {
			isa = PBXContainerItemProxy;
			containerPortal = ABE6105626E08B1900EE7768 /* Project object */;
			proxyType = 1;
			remoteGlobalIDString = ABE6105D26E08B1900EE7768;
			remoteInfo = EcuacionesLaurie;
		};
		ABE6108026E08B1A00EE7768 /* PBXContainerItemProxy */ = {
			isa = PBXContainerItemProxy;
			containerPortal = ABE6105626E08B1900EE7768 /* Project object */;
			proxyType = 1;
			remoteGlobalIDString = ABE6105D26E08B1900EE7768;
			remoteInfo = EcuacionesLaurie;
		};
/* End PBXContainerItemProxy section */

/* Begin PBXFileReference section */
		ABE6105E26E08B1900EE7768 /* EcuacionesLaurie.app */ = {isa = PBXFileReference; explicitFileType = wrapper.application; includeInIndex = 0; path = EcuacionesLaurie.app; sourceTree = BUILT_PRODUCTS_DIR; };
		ABE6106126E08B1900EE7768 /* AppDelegate.swift */ = {isa = PBXFileReference; lastKnownFileType = sourcecode.swift; path = AppDelegate.swift; sourceTree = "<group>"; };
		ABE6106326E08B1900EE7768 /* SceneDelegate.swift */ = {isa = PBXFileReference; lastKnownFileType = sourcecode.swift; path = SceneDelegate.swift; sourceTree = "<group>"; };
		ABE6106526E08B1900EE7768 /* ViewController.swift */ = {isa = PBXFileReference; lastKnownFileType = sourcecode.swift; path = ViewController.swift; sourceTree = "<group>"; };
		ABE6106826E08B1900EE7768 /* Base */ = {isa = PBXFileReference; lastKnownFileType = file.storyboard; name = Base; path = Base.lproj/Main.storyboard; sourceTree = "<group>"; };
		ABE6106A26E08B1900EE7768 /* Assets.xcassets */ = {isa = PBXFileReference; lastKnownFileType = folder.assetcatalog; path = Assets.xcassets; sourceTree = "<group>"; };
		ABE6106D26E08B1900EE7768 /* Base */ = {isa = PBXFileReference; lastKnownFileType = file.storyboard; name = Base; path = Base.lproj/LaunchScreen.storyboard; sourceTree = "<group>"; };
		ABE6106F26E08B1900EE7768 /* Info.plist */ = {isa = PBXFileReference; lastKnownFileType = text.plist.xml; path = Info.plist; sourceTree = "<group>"; };
		ABE6107426E08B1A00EE7768 /* EcuacionesLaurieTests.xctest */ = {isa = PBXFileReference; explicitFileType = wrapper.cfbundle; includeInIndex = 0; path = EcuacionesLaurieTests.xctest; sourceTree = BUILT_PRODUCTS_DIR; };
		ABE6107826E08B1A00EE7768 /* EcuacionesLaurieTests.swift */ = {isa = PBXFileReference; lastKnownFileType = sourcecode.swift; path = EcuacionesLaurieTests.swift; sourceTree = "<group>"; };
		ABE6107A26E08B1A00EE7768 /* Info.plist */ = {isa = PBXFileReference; lastKnownFileType = text.plist.xml; path = Info.plist; sourceTree = "<group>"; };
		ABE6107F26E08B1A00EE7768 /* EcuacionesLaurieUITests.xctest */ = {isa = PBXFileReference; explicitFileType = wrapper.cfbundle; includeInIndex = 0; path = EcuacionesLaurieUITests.xctest; sourceTree = BUILT_PRODUCTS_DIR; };
		ABE6108326E08B1A00EE7768 /* EcuacionesLaurieUITests.swift */ = {isa = PBXFileReference; lastKnownFileType = sourcecode.swift; path = EcuacionesLaurieUITests.swift; sourceTree = "<group>"; };
		ABE6108526E08B1A00EE7768 /* Info.plist */ = {isa = PBXFileReference; lastKnownFileType = text.plist.xml; path = Info.plist; sourceTree = "<group>"; };
/* End PBXFileReference section */

/* Begin PBXFrameworksBuildPhase section */
		ABE6105B26E08B1900EE7768 /* Frameworks */ = {
			isa = PBXFrameworksBuildPhase;
			buildActionMask = 2147483647;
			files = (
			);
			runOnlyForDeploymentPostprocessing = 0;
		};
		ABE6107126E08B1A00EE7768 /* Frameworks */ = {
			isa = PBXFrameworksBuildPhase;
			buildActionMask = 2147483647;
			files = (
			);
			runOnlyForDeploymentPostprocessing = 0;
		};
		ABE6107C26E08B1A00EE7768 /* Frameworks */ = {
			isa = PBXFrameworksBuildPhase;
			buildActionMask = 2147483647;
			files = (
			);
			runOnlyForDeploymentPostprocessing = 0;
		};
/* End PBXFrameworksBuildPhase section */

/* Begin PBXGroup section */
		ABE6105526E08B1900EE7768 = {
			isa = PBXGroup;
			children = (
				ABE6106026E08B1900EE7768 /* EcuacionesLaurie */,
				ABE6107726E08B1A00EE7768 /* EcuacionesLaurieTests */,
				ABE6108226E08B1A00EE7768 /* EcuacionesLaurieUITests */,
				ABE6105F26E08B1900EE7768 /* Products */,
			);
			sourceTree = "<group>";
		};
		ABE6105F26E08B1900EE7768 /* Products */ = {
			isa = PBXGroup;
			children = (
				ABE6105E26E08B1900EE7768 /* EcuacionesLaurie.app */,
				ABE6107426E08B1A00EE7768 /* EcuacionesLaurieTests.xctest */,
				ABE6107F26E08B1A00EE7768 /* EcuacionesLaurieUITests.xctest */,
			);
			name = Products;
			sourceTree = "<group>";
		};
		ABE6106026E08B1900EE7768 /* EcuacionesLaurie */ = {
			isa = PBXGroup;
			children = (
				ABE6106126E08B1900EE7768 /* AppDelegate.swift */,
				ABE6106326E08B1900EE7768 /* SceneDelegate.swift */,
				ABE6106526E08B1900EE7768 /* ViewController.swift */,
				ABE6106726E08B1900EE7768 /* Main.storyboard */,
				ABE6106A26E08B1900EE7768 /* Assets.xcassets */,
				ABE6106C26E08B1900EE7768 /* LaunchScreen.storyboard */,
				ABE6106F26E08B1900EE7768 /* Info.plist */,
			);
			path = EcuacionesLaurie;
			sourceTree = "<group>";
		};
		ABE6107726E08B1A00EE7768 /* EcuacionesLaurieTests */ = {
			isa = PBXGroup;
			children = (
				ABE6107826E08B1A00EE7768 /* EcuacionesLaurieTests.swift */,
				ABE6107A26E08B1A00EE7768 /* Info.plist */,
			);
			path = EcuacionesLaurieTests;
			sourceTree = "<group>";
		};
		ABE6108226E08B1A00EE7768 /* EcuacionesLaurieUITests */ = {
			isa = PBXGroup;
			children = (
				ABE6108326E08B1A00EE7768 /* EcuacionesLaurieUITests.swift */,
				ABE6108526E08B1A00EE7768 /* Info.plist */,
			);
			path = EcuacionesLaurieUITests;
			sourceTree = "<group>";
		};
/* End PBXGroup section */

/* Begin PBXNativeTarget section */
		ABE6105D26E08B1900EE7768 /* EcuacionesLaurie */ = {
			isa = PBXNativeTarget;
			buildConfigurationList = ABE6108826E08B1A00EE7768 /* Build configuration list for PBXNativeTarget "EcuacionesLaurie" */;
			buildPhases = (
				ABE6105A26E08B1900EE7768 /* Sources */,
				ABE6105B26E08B1900EE7768 /* Frameworks */,
				ABE6105C26E08B1900EE7768 /* Resources */,
			);
			buildRules = (
			);
			dependencies = (
			);
			name = EcuacionesLaurie;
			productName = EcuacionesLaurie;
			productReference = ABE6105E26E08B1900EE7768 /* EcuacionesLaurie.app */;
			productType = "com.apple.product-type.application";
		};
		ABE6107326E08B1A00EE7768 /* EcuacionesLaurieTests */ = {
			isa = PBXNativeTarget;
			buildConfigurationList = ABE6108B26E08B1A00EE7768 /* Build configuration list for PBXNativeTarget "EcuacionesLaurieTests" */;
			buildPhases = (
				ABE6107026E08B1A00EE7768 /* Sources */,
				ABE6107126E08B1A00EE7768 /* Frameworks */,
				ABE6107226E08B1A00EE7768 /* Resources */,
			);
			buildRules = (
			);
			dependencies = (
				ABE6107626E08B1A00EE7768 /* PBXTargetDependency */,
			);
			name = EcuacionesLaurieTests;
			productName = EcuacionesLaurieTests;
			productReference = ABE6107426E08B1A00EE7768 /* EcuacionesLaurieTests.xctest */;
			productType = "com.apple.product-type.bundle.unit-test";
		};
		ABE6107E26E08B1A00EE7768 /* EcuacionesLaurieUITests */ = {
			isa = PBXNativeTarget;
			buildConfigurationList = ABE6108E26E08B1A00EE7768 /* Build configuration list for PBXNativeTarget "EcuacionesLaurieUITests" */;
			buildPhases = (
				ABE6107B26E08B1A00EE7768 /* Sources */,
				ABE6107C26E08B1A00EE7768 /* Frameworks */,
				ABE6107D26E08B1A00EE7768 /* Resources */,
			);
			buildRules = (
			);
			dependencies = (
				ABE6108126E08B1A00EE7768 /* PBXTargetDependency */,
			);
			name = EcuacionesLaurieUITests;
			productName = EcuacionesLaurieUITests;
			productReference = ABE6107F26E08B1A00EE7768 /* EcuacionesLaurieUITests.xctest */;
			productType = "com.apple.product-type.bundle.ui-testing";
		};
/* End PBXNativeTarget section */

/* Begin PBXProject section */
		ABE6105626E08B1900EE7768 /* Project object */ = {
			isa = PBXProject;
			attributes = {
				LastSwiftUpdateCheck = 1240;
				LastUpgradeCheck = 1240;
				TargetAttributes = {
					ABE6105D26E08B1900EE7768 = {
						CreatedOnToolsVersion = 12.4;
					};
					ABE6107326E08B1A00EE7768 = {
						CreatedOnToolsVersion = 12.4;
						TestTargetID = ABE6105D26E08B1900EE7768;
					};
					ABE6107E26E08B1A00EE7768 = {
						CreatedOnToolsVersion = 12.4;
						TestTargetID = ABE6105D26E08B1900EE7768;
					};
				};
			};
			buildConfigurationList = ABE6105926E08B1900EE7768 /* Build configuration list for PBXProject "EcuacionesLaurie" */;
			compatibilityVersion = "Xcode 9.3";
			developmentRegion = en;
			hasScannedForEncodings = 0;
			knownRegions = (
				en,
				Base,
			);
			mainGroup = ABE6105526E08B1900EE7768;
			productRefGroup = ABE6105F26E08B1900EE7768 /* Products */;
			projectDirPath = "";
			projectRoot = "";
			targets = (
				ABE6105D26E08B1900EE7768 /* EcuacionesLaurie */,
				ABE6107326E08B1A00EE7768 /* EcuacionesLaurieTests */,
				ABE6107E26E08B1A00EE7768 /* EcuacionesLaurieUITests */,
			);
		};
/* End PBXProject section */

/* Begin PBXResourcesBuildPhase section */
		ABE6105C26E08B1900EE7768 /* Resources */ = {
			isa = PBXResourcesBuildPhase;
			buildActionMask = 2147483647;
			files = (
				ABE6106E26E08B1900EE7768 /* LaunchScreen.storyboard in Resources */,
				ABE6106B26E08B1900EE7768 /* Assets.xcassets in Resources */,
				ABE6106926E08B1900EE7768 /* Main.storyboard in Resources */,
			);
			runOnlyForDeploymentPostprocessing = 0;
		};
		ABE6107226E08B1A00EE7768 /* Resources */ = {
			isa = PBXResourcesBuildPhase;
			buildActionMask = 2147483647;
			files = (
			);
			runOnlyForDeploymentPostprocessing = 0;
		};
		ABE6107D26E08B1A00EE7768 /* Resources */ = {
			isa = PBXResourcesBuildPhase;
			buildActionMask = 2147483647;
			files = (
			);
			runOnlyForDeploymentPostprocessing = 0;
		};
/* End PBXResourcesBuildPhase section */

/* Begin PBXSourcesBuildPhase section */
		ABE6105A26E08B1900EE7768 /* Sources */ = {
			isa = PBXSourcesBuildPhase;
			buildActionMask = 2147483647;
			files = (
				ABE6106626E08B1900EE7768 /* ViewController.swift in Sources */,
				ABE6106226E08B1900EE7768 /* AppDelegate.swift in Sources */,
				ABE6106426E08B1900EE7768 /* SceneDelegate.swift in Sources */,
			);
			runOnlyForDeploymentPostprocessing = 0;
		};
		ABE6107026E08B1A00EE7768 /* Sources */ = {
			isa = PBXSourcesBuildPhase;
			buildActionMask = 2147483647;
			files = (
				ABE6107926E08B1A00EE7768 /* EcuacionesLaurieTests.swift in Sources */,
			);
			runOnlyForDeploymentPostprocessing = 0;
		};
		ABE6107B26E08B1A00EE7768 /* Sources */ = {
			isa = PBXSourcesBuildPhase;
			buildActionMask = 2147483647;
			files = (
				ABE6108426E08B1A00EE7768 /* EcuacionesLaurieUITests.swift in Sources */,
			);
			runOnlyForDeploymentPostprocessing = 0;
		};
/* End PBXSourcesBuildPhase section */

/* Begin PBXTargetDependency section */
		ABE6107626E08B1A00EE7768 /* PBXTargetDependency */ = {
			isa = PBXTargetDependency;
			target = ABE6105D26E08B1900EE7768 /* EcuacionesLaurie */;
			targetProxy = ABE6107526E08B1A00EE7768 /* PBXContainerItemProxy */;
		};
		ABE6108126E08B1A00EE7768 /* PBXTargetDependency */ = {
			isa = PBXTargetDependency;
			target = ABE6105D26E08B1900EE7768 /* EcuacionesLaurie */;
			targetProxy = ABE6108026E08B1A00EE7768 /* PBXContainerItemProxy */;
		};
/* End PBXTargetDependency section */

/* Begin PBXVariantGroup section */
		ABE6106726E08B1900EE7768 /* Main.storyboard */ = {
			isa = PBXVariantGroup;
			children = (
				ABE6106826E08B1900EE7768 /* Base */,
			);
			name = Main.storyboard;
			sourceTree = "<group>";
		};
		ABE6106C26E08B1900EE7768 /* LaunchScreen.storyboard */ = {
			isa = PBXVariantGroup;
			children = (
				ABE6106D26E08B1900EE7768 /* Base */,
			);
			name = LaunchScreen.storyboard;
			sourceTree = "<group>";
		};
/* End PBXVariantGroup section */

/* Begin XCBuildConfiguration section */
		ABE6108626E08B1A00EE7768 /* Debug */ = {
			isa = XCBuildConfiguration;
			buildSettings = {
				ALWAYS_SEARCH_USER_PATHS = NO;
				CLANG_ANALYZER_NONNULL = YES;
				CLANG_ANALYZER_NUMBER_OBJECT_CONVERSION = YES_AGGRESSIVE;
				CLANG_CXX_LANGUAGE_STANDARD = "gnu++14";
				CLANG_CXX_LIBRARY = "libc++";
				CLANG_ENABLE_MODULES = YES;
				CLANG_ENABLE_OBJC_ARC = YES;
				CLANG_ENABLE_OBJC_WEAK = YES;
				CLANG_WARN_BLOCK_CAPTURE_AUTORELEASING = YES;
				CLANG_WARN_BOOL_CONVERSION = YES;
				CLANG_WARN_COMMA = YES;
				CLANG_WARN_CONSTANT_CONVERSION = YES;
				CLANG_WARN_DEPRECATED_OBJC_IMPLEMENTATIONS = YES;
				CLANG_WARN_DIRECT_OBJC_ISA_USAGE = YES_ERROR;
				CLANG_WARN_DOCUMENTATION_COMMENTS = YES;
				CLANG_WARN_EMPTY_BODY = YES;
				CLANG_WARN_ENUM_CONVERSION = YES;
				CLANG_WARN_INFINITE_RECURSION = YES;
				CLANG_WARN_INT_CONVERSION = YES;
				CLANG_WARN_NON_LITERAL_NULL_CONVERSION = YES;
				CLANG_WARN_OBJC_IMPLICIT_RETAIN_SELF = YES;
				CLANG_WARN_OBJC_LITERAL_CONVERSION = YES;
				CLANG_WARN_OBJC_ROOT_CLASS = YES_ERROR;
				CLANG_WARN_QUOTED_INCLUDE_IN_FRAMEWORK_HEADER = YES;
				CLANG_WARN_RANGE_LOOP_ANALYSIS = YES;
				CLANG_WARN_STRICT_PROTOTYPES = YES;
				CLANG_WARN_SUSPICIOUS_MOVE = YES;
				CLANG_WARN_UNGUARDED_AVAILABILITY = YES_AGGRESSIVE;
				CLANG_WARN_UNREACHABLE_CODE = YES;
				CLANG_WARN__DUPLICATE_METHOD_MATCH = YES;
				COPY_PHASE_STRIP = NO;
				DEBUG_INFORMATION_FORMAT = dwarf;
				ENABLE_STRICT_OBJC_MSGSEND = YES;
				ENABLE_TESTABILITY = YES;
				GCC_C_LANGUAGE_STANDARD = gnu11;
				GCC_DYNAMIC_NO_PIC = NO;
				GCC_NO_COMMON_BLOCKS = YES;
				GCC_OPTIMIZATION_LEVEL = 0;
				GCC_PREPROCESSOR_DEFINITIONS = (
					"DEBUG=1",
					"$(inherited)",
				);
				GCC_WARN_64_TO_32_BIT_CONVERSION = YES;
				GCC_WARN_ABOUT_RETURN_TYPE = YES_ERROR;
				GCC_WARN_UNDECLARED_SELECTOR = YES;
				GCC_WARN_UNINITIALIZED_AUTOS = YES_AGGRESSIVE;
				GCC_WARN_UNUSED_FUNCTION = YES;
				GCC_WARN_UNUSED_VARIABLE = YES;
				IPHONEOS_DEPLOYMENT_TARGET = 14.4;
				MTL_ENABLE_DEBUG_INFO = INCLUDE_SOURCE;
				MTL_FAST_MATH = YES;
				ONLY_ACTIVE_ARCH = YES;
				SDKROOT = iphoneos;
				SWIFT_ACTIVE_COMPILATION_CONDITIONS = DEBUG;
				SWIFT_OPTIMIZATION_LEVEL = "-Onone";
			};
			name = Debug;
		};
		ABE6108726E08B1A00EE7768 /* Release */ = {
			isa = XCBuildConfiguration;
			buildSettings = {
				ALWAYS_SEARCH_USER_PATHS = NO;
				CLANG_ANALYZER_NONNULL = YES;
				CLANG_ANALYZER_NUMBER_OBJECT_CONVERSION = YES_AGGRESSIVE;
				CLANG_CXX_LANGUAGE_STANDARD = "gnu++14";
				CLANG_CXX_LIBRARY = "libc++";
				CLANG_ENABLE_MODULES = YES;
				CLANG_ENABLE_OBJC_ARC = YES;
				CLANG_ENABLE_OBJC_WEAK = YES;
				CLANG_WARN_BLOCK_CAPTURE_AUTORELEASING = YES;
				CLANG_WARN_BOOL_CONVERSION = YES;
				CLANG_WARN_COMMA = YES;
				CLANG_WARN_CONSTANT_CONVERSION = YES;
				CLANG_WARN_DEPRECATED_OBJC_IMPLEMENTATIONS = YES;
				CLANG_WARN_DIRECT_OBJC_ISA_USAGE = YES_ERROR;
				CLANG_WARN_DOCUMENTATION_COMMENTS = YES;
				CLANG_WARN_EMPTY_BODY = YES;
				CLANG_WARN_ENUM_CONVERSION = YES;
				CLANG_WARN_INFINITE_RECURSION = YES;
				CLANG_WARN_INT_CONVERSION = YES;
				CLANG_WARN_NON_LITERAL_NULL_CONVERSION = YES;
				CLANG_WARN_OBJC_IMPLICIT_RETAIN_SELF = YES;
				CLANG_WARN_OBJC_LITERAL_CONVERSION = YES;
				CLANG_WARN_OBJC_ROOT_CLASS = YES_ERROR;
				CLANG_WARN_QUOTED_INCLUDE_IN_FRAMEWORK_HEADER = YES;
				CLANG_WARN_RANGE_LOOP_ANALYSIS = YES;
				CLANG_WARN_STRICT_PROTOTYPES = YES;
				CLANG_WARN_SUSPICIOUS_MOVE = YES;
				CLANG_WARN_UNGUARDED_AVAILABILITY = YES_AGGRESSIVE;
				CLANG_WARN_UNREACHABLE_CODE = YES;
				CLANG_WARN__DUPLICATE_METHOD_MATCH = YES;
				COPY_PHASE_STRIP = NO;
				DEBUG_INFORMATION_FORMAT = "dwarf-with-dsym";
				ENABLE_NS_ASSERTIONS = NO;
				ENABLE_STRICT_OBJC_MSGSEND = YES;
				GCC_C_LANGUAGE_STANDARD = gnu11;
				GCC_NO_COMMON_BLOCKS = YES;
				GCC_WARN_64_TO_32_BIT_CONVERSION = YES;
				GCC_WARN_ABOUT_RETURN_TYPE = YES_ERROR;
				GCC_WARN_UNDECLARED_SELECTOR = YES;
				GCC_WARN_UNINITIALIZED_AUTOS = YES_AGGRESSIVE;
				GCC_WARN_UNUSED_FUNCTION = YES;
				GCC_WARN_UNUSED_VARIABLE = YES;
				IPHONEOS_DEPLOYMENT_TARGET = 14.4;
				MTL_ENABLE_DEBUG_INFO = NO;
				MTL_FAST_MATH = YES;
				SDKROOT = iphoneos;
				SWIFT_COMPILATION_MODE = wholemodule;
				SWIFT_OPTIMIZATION_LEVEL = "-O";
				VALIDATE_PRODUCT = YES;
			};
			name = Release;
		};
		ABE6108926E08B1A00EE7768 /* Debug */ = {
			isa = XCBuildConfiguration;
			buildSettings = {
				ASSETCATALOG_COMPILER_APPICON_NAME = AppIcon;
				ASSETCATALOG_COMPILER_GLOBAL_ACCENT_COLOR_NAME = AccentColor;
				CODE_SIGN_STYLE = Automatic;
				INFOPLIST_FILE = EcuacionesLaurie/Info.plist;
				LD_RUNPATH_SEARCH_PATHS = (
					"$(inherited)",
					"@executable_path/Frameworks",
				);
				PRODUCT_BUNDLE_IDENTIFIER = mx.tec.tc2007b.lab.EcuacionesLaurie;
				PRODUCT_NAME = "$(TARGET_NAME)";
				SWIFT_VERSION = 5.0;
				TARGETED_DEVICE_FAMILY = "1,2";
			};
			name = Debug;
		};
		ABE6108A26E08B1A00EE7768 /* Release */ = {
			isa = XCBuildConfiguration;
			buildSettings = {
				ASSETCATALOG_COMPILER_APPICON_NAME = AppIcon;
				ASSETCATALOG_COMPILER_GLOBAL_ACCENT_COLOR_NAME = AccentColor;
				CODE_SIGN_STYLE = Automatic;
				INFOPLIST_FILE = EcuacionesLaurie/Info.plist;
				LD_RUNPATH_SEARCH_PATHS = (
					"$(inherited)",
					"@executable_path/Frameworks",
				);
				PRODUCT_BUNDLE_IDENTIFIER = mx.tec.tc2007b.lab.EcuacionesLaurie;
				PRODUCT_NAME = "$(TARGET_NAME)";
				SWIFT_VERSION = 5.0;
				TARGETED_DEVICE_FAMILY = "1,2";
			};
			name = Release;
		};
		ABE6108C26E08B1A00EE7768 /* Debug */ = {
			isa = XCBuildConfiguration;
			buildSettings = {
				ALWAYS_EMBED_SWIFT_STANDARD_LIBRARIES = YES;
				BUNDLE_LOADER = "$(TEST_HOST)";
				CODE_SIGN_STYLE = Automatic;
				INFOPLIST_FILE = EcuacionesLaurieTests/Info.plist;
				IPHONEOS_DEPLOYMENT_TARGET = 14.4;
				LD_RUNPATH_SEARCH_PATHS = (
					"$(inherited)",
					"@executable_path/Frameworks",
					"@loader_path/Frameworks",
				);
				PRODUCT_BUNDLE_IDENTIFIER = mx.tec.tc2007b.lab.EcuacionesLaurieTests;
				PRODUCT_NAME = "$(TARGET_NAME)";
				SWIFT_VERSION = 5.0;
				TARGETED_DEVICE_FAMILY = "1,2";
				TEST_HOST = "$(BUILT_PRODUCTS_DIR)/EcuacionesLaurie.app/EcuacionesLaurie";
			};
			name = Debug;
		};
		ABE6108D26E08B1A00EE7768 /* Release */ = {
			isa = XCBuildConfiguration;
			buildSettings = {
				ALWAYS_EMBED_SWIFT_STANDARD_LIBRARIES = YES;
				BUNDLE_LOADER = "$(TEST_HOST)";
				CODE_SIGN_STYLE = Automatic;
				INFOPLIST_FILE = EcuacionesLaurieTests/Info.plist;
				IPHONEOS_DEPLOYMENT_TARGET = 14.4;
				LD_RUNPATH_SEARCH_PATHS = (
					"$(inherited)",
					"@executable_path/Frameworks",
					"@loader_path/Frameworks",
				);
				PRODUCT_BUNDLE_IDENTIFIER = mx.tec.tc2007b.lab.EcuacionesLaurieTests;
				PRODUCT_NAME = "$(TARGET_NAME)";
				SWIFT_VERSION = 5.0;
				TARGETED_DEVICE_FAMILY = "1,2";
				TEST_HOST = "$(BUILT_PRODUCTS_DIR)/EcuacionesLaurie.app/EcuacionesLaurie";
			};
			name = Release;
		};
		ABE6108F26E08B1A00EE7768 /* Debug */ = {
			isa = XCBuildConfiguration;
			buildSettings = {
				ALWAYS_EMBED_SWIFT_STANDARD_LIBRARIES = YES;
				CODE_SIGN_STYLE = Automatic;
				INFOPLIST_FILE = EcuacionesLaurieUITests/Info.plist;
				LD_RUNPATH_SEARCH_PATHS = (
					"$(inherited)",
					"@executable_path/Frameworks",
					"@loader_path/Frameworks",
				);
				PRODUCT_BUNDLE_IDENTIFIER = mx.tec.tc2007b.lab.EcuacionesLaurieUITests;
				PRODUCT_NAME = "$(TARGET_NAME)";
				SWIFT_VERSION = 5.0;
				TARGETED_DEVICE_FAMILY = "1,2";
				TEST_TARGET_NAME = EcuacionesLaurie;
			};
			name = Debug;
		};
		ABE6109026E08B1A00EE7768 /* Release */ = {
			isa = XCBuildConfiguration;
			buildSettings = {
				ALWAYS_EMBED_SWIFT_STANDARD_LIBRARIES = YES;
				CODE_SIGN_STYLE = Automatic;
				INFOPLIST_FILE = EcuacionesLaurieUITests/Info.plist;
				LD_RUNPATH_SEARCH_PATHS = (
					"$(inherited)",
					"@executable_path/Frameworks",
					"@loader_path/Frameworks",
				);
				PRODUCT_BUNDLE_IDENTIFIER = mx.tec.tc2007b.lab.EcuacionesLaurieUITests;
				PRODUCT_NAME = "$(TARGET_NAME)";
				SWIFT_VERSION = 5.0;
				TARGETED_DEVICE_FAMILY = "1,2";
				TEST_TARGET_NAME = EcuacionesLaurie;
			};
			name = Release;
		};
/* End XCBuildConfiguration section */

/* Begin XCConfigurationList section */
		ABE6105926E08B1900EE7768 /* Build configuration list for PBXProject "EcuacionesLaurie" */ = {
			isa = XCConfigurationList;
			buildConfigurations = (
				ABE6108626E08B1A00EE7768 /* Debug */,
				ABE6108726E08B1A00EE7768 /* Release */,
			);
			defaultConfigurationIsVisible = 0;
			defaultConfigurationName = Release;
		};
		ABE6108826E08B1A00EE7768 /* Build configuration list for PBXNativeTarget "EcuacionesLaurie" */ = {
			isa = XCConfigurationList;
			buildConfigurations = (
				ABE6108926E08B1A00EE7768 /* Debug */,
				ABE6108A26E08B1A00EE7768 /* Release */,
			);
			defaultConfigurationIsVisible = 0;
			defaultConfigurationName = Release;
		};
		ABE6108B26E08B1A00EE7768 /* Build configuration list for PBXNativeTarget "EcuacionesLaurieTests" */ = {
			isa = XCConfigurationList;
			buildConfigurations = (
				ABE6108C26E08B1A00EE7768 /* Debug */,
				ABE6108D26E08B1A00EE7768 /* Release */,
			);
			defaultConfigurationIsVisible = 0;
			defaultConfigurationName = Release;
		};
		ABE6108E26E08B1A00EE7768 /* Build configuration list for PBXNativeTarget "EcuacionesLaurieUITests" */ = {
			isa = XCConfigurationList;
			buildConfigurations = (
				ABE6108F26E08B1A00EE7768 /* Debug */,
				ABE6109026E08B1A00EE7768 /* Release */,
			);
			defaultConfigurationIsVisible = 0;
			defaultConfigurationName = Release;
		};
/* End XCConfigurationList section */
	};
	rootObject = ABE6105626E08B1900EE7768 /* Project object */;
}
